
Microsoft Visual Studio Solution File, Format Version 12.00
# Visual Studio Version 16
VisualStudioVersion = 16.0.29613.14
MinimumVisualStudioVersion = 10.0.40219.1
Project("{F184B08F-C81C-45F6-A57F-5ABD9991F28F}") = "MeishiWeb", "MeishiWeb\MeishiWeb.vbproj", "{957878BD-3C83-439E-BCF7-7DEFB301F265}"
EndProject
Global
	GlobalSection(SolutionConfigurationPlatforms) = preSolution
		Debug|Any CPU = Debug|Any CPU
		Release|Any CPU = Release|Any CPU
	EndGlobalSection
	GlobalSection(ProjectConfigurationPlatforms) = postSolution
		{957878BD-3C83-439E-BCF7-7DEFB301F265}.Debug|Any CPU.ActiveCfg = Debug|Any CPU
		{957878BD-3C83-439E-BCF7-7DEFB301F265}.Debug|Any CPU.Build.0 = Debug|Any CPU
		{957878BD-3C83-439E-BCF7-7DEFB301F265}.Release|Any CPU.ActiveCfg = Release|Any CPU
		{957878BD-3C83-439E-BCF7-7DEFB301F265}.Release|Any CPU.Build.0 = Release|Any CPU
	EndGlobalSection
	GlobalSection(SolutionProperties) = preSolution
		HideSolutionNode = FALSE
	EndGlobalSection
	GlobalSection(ExtensibilityGlobals) = postSolution
		SolutionGuid = {54305CEA-CF8C-4F37-B157-6AE76EBE5D1D}
	EndGlobalSection
EndGlobal
